
Microsoft Visual Studio Solution File, Format Version 12.00
# Visual Studio 14
VisualStudioVersion = 14.0.24720.0
MinimumVisualStudioVersion = 10.0.40219.1
Project("{2150E333-8FDC-42A3-9474-1A3956D46DE8}") = "Test", "Test", "{F781F179-2F80-42C6-A113-A2133F314B7E}"
EndProject
Project("{2150E333-8FDC-42A3-9474-1A3956D46DE8}") = "UI", "UI", "{AA935A90-583A-4F18-BB48-DFF1A160E97C}"
EndProject
Project("{2150E333-8FDC-42A3-9474-1A3956D46DE8}") = "Caterpillar Framework", "Caterpillar Framework", "{EC74388E-D48B-4709-9F98-0E5D8A60DD71}"
EndProject
Project("{FAE04EC0-301F-11D3-BF4B-00C04F79EFBC}") = "Caterpillar.Core", "Caterpillar.Core\Caterpillar.Core.csproj", "{3CF07498-0D15-4EA6-AA0B-DD1C29F24B63}"
EndProject
Project("{FAE04EC0-301F-11D3-BF4B-00C04F79EFBC}") = "Caterpillar.Web", "Caterpillar.Web\Caterpillar.Web.csproj", "{9E539487-5BF8-4115-AB2A-4E0A76E5D7AB}"
EndProject
Project("{2150E333-8FDC-42A3-9474-1A3956D46DE8}") = "Web", "Web", "{C3BDD1D8-D6FA-4997-AC69-E8478CE29C04}"
EndProject
Project("{FAE04EC0-301F-11D3-BF4B-00C04F79EFBC}") = "Caterpillar.Web.Mvc", "Caterpillar.Web.Mvc\Caterpillar.Web.Mvc.csproj", "{49C1812B-7BDB-45F4-98D7-102760483E98}"
EndProject
Project("{2150E333-8FDC-42A3-9474-1A3956D46DE8}") = "Core", "Core", "{6DCB15C3-7919-4281-A555-B3E7F98F3742}"
EndProject
Project("{2150E333-8FDC-42A3-9474-1A3956D46DE8}") = "TamTamBusiness", "TamTamBusiness", "{C57FDA9A-EEF9-4233-A264-3B26090AB3FB}"
EndProject
Project("{2150E333-8FDC-42A3-9474-1A3956D46DE8}") = "Services", "Services", "{D4B98D95-2253-4EDA-AB00-9FFEE215C494}"
EndProject
Project("{FAE04EC0-301F-11D3-BF4B-00C04F79EFBC}") = "TamTamTube.UI", "TamTamTube.UI\TamTamTube.UI.csproj", "{3A77DB0C-AA8B-4EAE-BA19-AE8B99C71BF8}"
EndProject
Project("{2150E333-8FDC-42A3-9474-1A3956D46DE8}") = "Domain", "Domain", "{FB8AC1A2-0B4E-47B5-A4BE-B09880766884}"
EndProject
Project("{FAE04EC0-301F-11D3-BF4B-00C04F79EFBC}") = "TamTam.Domain", "TamTam.Domain\TamTam.Domain.csproj", "{F1BB1902-094E-4301-8129-69640D86B11B}"
EndProject
Project("{FAE04EC0-301F-11D3-BF4B-00C04F79EFBC}") = "TamTam.Domain.Test", "TamTam.Domain.Test\TamTam.Domain.Test.csproj", "{3F772BC8-BA4A-4403-AEB7-7247D1456717}"
EndProject
Project("{FAE04EC0-301F-11D3-BF4B-00C04F79EFBC}") = "TamTam.Services.VideoService", "TamTam.Services.VideoService\TamTam.Services.VideoService.csproj", "{808F845C-47D5-4F04-A0C8-55F689F43F61}"
EndProject
Project("{2150E333-8FDC-42A3-9474-1A3956D46DE8}") = "Application Services", "Application Services", "{659B004F-8C6F-4F02-BE87-76A87880E140}"
EndProject
Project("{2150E333-8FDC-42A3-9474-1A3956D46DE8}") = "Caching", "Caching", "{E854A64D-5CED-4EE9-8E97-2BA3F0769D6E}"
EndProject
Project("{FAE04EC0-301F-11D3-BF4B-00C04F79EFBC}") = "Caterpillar.ApplicationServices.Cache", "Caterpillar.ApplicationServices.Cache\Caterpillar.ApplicationServices.Cache.csproj", "{AA9EFA32-2621-40A8-90F2-53140F08B83A}"
EndProject
Project("{FAE04EC0-301F-11D3-BF4B-00C04F79EFBC}") = "TamTam.Services.VideoService.Tests", "TamTam.Services.VideoService.Tests\TamTam.Services.VideoService.Tests.csproj", "{79CBC79A-2F1B-430A-BDE9-AC9B698EBA51}"
EndProject
Global
	GlobalSection(SolutionConfigurationPlatforms) = preSolution
		Debug|Any CPU = Debug|Any CPU
		Release|Any CPU = Release|Any CPU
	EndGlobalSection
	GlobalSection(ProjectConfigurationPlatforms) = postSolution
		{3CF07498-0D15-4EA6-AA0B-DD1C29F24B63}.Debug|Any CPU.ActiveCfg = Debug|Any CPU
		{3CF07498-0D15-4EA6-AA0B-DD1C29F24B63}.Debug|Any CPU.Build.0 = Debug|Any CPU
		{3CF07498-0D15-4EA6-AA0B-DD1C29F24B63}.Release|Any CPU.ActiveCfg = Release|Any CPU
		{3CF07498-0D15-4EA6-AA0B-DD1C29F24B63}.Release|Any CPU.Build.0 = Release|Any CPU
		{9E539487-5BF8-4115-AB2A-4E0A76E5D7AB}.Debug|Any CPU.ActiveCfg = Debug|Any CPU
		{9E539487-5BF8-4115-AB2A-4E0A76E5D7AB}.Debug|Any CPU.Build.0 = Debug|Any CPU
		{9E539487-5BF8-4115-AB2A-4E0A76E5D7AB}.Release|Any CPU.ActiveCfg = Release|Any CPU
		{9E539487-5BF8-4115-AB2A-4E0A76E5D7AB}.Release|Any CPU.Build.0 = Release|Any CPU
		{49C1812B-7BDB-45F4-98D7-102760483E98}.Debug|Any CPU.ActiveCfg = Debug|Any CPU
		{49C1812B-7BDB-45F4-98D7-102760483E98}.Debug|Any CPU.Build.0 = Debug|Any CPU
		{49C1812B-7BDB-45F4-98D7-102760483E98}.Release|Any CPU.ActiveCfg = Release|Any CPU
		{49C1812B-7BDB-45F4-98D7-102760483E98}.Release|Any CPU.Build.0 = Release|Any CPU
		{3A77DB0C-AA8B-4EAE-BA19-AE8B99C71BF8}.Debug|Any CPU.ActiveCfg = Debug|Any CPU
		{3A77DB0C-AA8B-4EAE-BA19-AE8B99C71BF8}.Debug|Any CPU.Build.0 = Debug|Any CPU
		{3A77DB0C-AA8B-4EAE-BA19-AE8B99C71BF8}.Release|Any CPU.ActiveCfg = Release|Any CPU
		{3A77DB0C-AA8B-4EAE-BA19-AE8B99C71BF8}.Release|Any CPU.Build.0 = Release|Any CPU
		{F1BB1902-094E-4301-8129-69640D86B11B}.Debug|Any CPU.ActiveCfg = Debug|Any CPU
		{F1BB1902-094E-4301-8129-69640D86B11B}.Debug|Any CPU.Build.0 = Debug|Any CPU
		{F1BB1902-094E-4301-8129-69640D86B11B}.Release|Any CPU.ActiveCfg = Release|Any CPU
		{F1BB1902-094E-4301-8129-69640D86B11B}.Release|Any CPU.Build.0 = Release|Any CPU
		{3F772BC8-BA4A-4403-AEB7-7247D1456717}.Debug|Any CPU.ActiveCfg = Debug|Any CPU
		{3F772BC8-BA4A-4403-AEB7-7247D1456717}.Debug|Any CPU.Build.0 = Debug|Any CPU
		{3F772BC8-BA4A-4403-AEB7-7247D1456717}.Release|Any CPU.ActiveCfg = Release|Any CPU
		{3F772BC8-BA4A-4403-AEB7-7247D1456717}.Release|Any CPU.Build.0 = Release|Any CPU
		{808F845C-47D5-4F04-A0C8-55F689F43F61}.Debug|Any CPU.ActiveCfg = Debug|Any CPU
		{808F845C-47D5-4F04-A0C8-55F689F43F61}.Debug|Any CPU.Build.0 = Debug|Any CPU
		{808F845C-47D5-4F04-A0C8-55F689F43F61}.Release|Any CPU.ActiveCfg = Release|Any CPU
		{808F845C-47D5-4F04-A0C8-55F689F43F61}.Release|Any CPU.Build.0 = Release|Any CPU
		{AA9EFA32-2621-40A8-90F2-53140F08B83A}.Debug|Any CPU.ActiveCfg = Debug|Any CPU
		{AA9EFA32-2621-40A8-90F2-53140F08B83A}.Debug|Any CPU.Build.0 = Debug|Any CPU
		{AA9EFA32-2621-40A8-90F2-53140F08B83A}.Release|Any CPU.ActiveCfg = Release|Any CPU
		{AA9EFA32-2621-40A8-90F2-53140F08B83A}.Release|Any CPU.Build.0 = Release|Any CPU
		{79CBC79A-2F1B-430A-BDE9-AC9B698EBA51}.Debug|Any CPU.ActiveCfg = Debug|Any CPU
		{79CBC79A-2F1B-430A-BDE9-AC9B698EBA51}.Debug|Any CPU.Build.0 = Debug|Any CPU
		{79CBC79A-2F1B-430A-BDE9-AC9B698EBA51}.Release|Any CPU.ActiveCfg = Release|Any CPU
		{79CBC79A-2F1B-430A-BDE9-AC9B698EBA51}.Release|Any CPU.Build.0 = Release|Any CPU
	EndGlobalSection
	GlobalSection(SolutionProperties) = preSolution
		HideSolutionNode = FALSE
	EndGlobalSection
	GlobalSection(NestedProjects) = preSolution
		{AA935A90-583A-4F18-BB48-DFF1A160E97C} = {C57FDA9A-EEF9-4233-A264-3B26090AB3FB}
		{3CF07498-0D15-4EA6-AA0B-DD1C29F24B63} = {6DCB15C3-7919-4281-A555-B3E7F98F3742}
		{9E539487-5BF8-4115-AB2A-4E0A76E5D7AB} = {C3BDD1D8-D6FA-4997-AC69-E8478CE29C04}
		{C3BDD1D8-D6FA-4997-AC69-E8478CE29C04} = {EC74388E-D48B-4709-9F98-0E5D8A60DD71}
		{49C1812B-7BDB-45F4-98D7-102760483E98} = {C3BDD1D8-D6FA-4997-AC69-E8478CE29C04}
		{6DCB15C3-7919-4281-A555-B3E7F98F3742} = {EC74388E-D48B-4709-9F98-0E5D8A60DD71}
		{D4B98D95-2253-4EDA-AB00-9FFEE215C494} = {C57FDA9A-EEF9-4233-A264-3B26090AB3FB}
		{3A77DB0C-AA8B-4EAE-BA19-AE8B99C71BF8} = {AA935A90-583A-4F18-BB48-DFF1A160E97C}
		{FB8AC1A2-0B4E-47B5-A4BE-B09880766884} = {C57FDA9A-EEF9-4233-A264-3B26090AB3FB}
		{F1BB1902-094E-4301-8129-69640D86B11B} = {FB8AC1A2-0B4E-47B5-A4BE-B09880766884}
		{3F772BC8-BA4A-4403-AEB7-7247D1456717} = {F781F179-2F80-42C6-A113-A2133F314B7E}
		{808F845C-47D5-4F04-A0C8-55F689F43F61} = {D4B98D95-2253-4EDA-AB00-9FFEE215C494}
		{659B004F-8C6F-4F02-BE87-76A87880E140} = {EC74388E-D48B-4709-9F98-0E5D8A60DD71}
		{E854A64D-5CED-4EE9-8E97-2BA3F0769D6E} = {659B004F-8C6F-4F02-BE87-76A87880E140}
		{AA9EFA32-2621-40A8-90F2-53140F08B83A} = {E854A64D-5CED-4EE9-8E97-2BA3F0769D6E}
		{79CBC79A-2F1B-430A-BDE9-AC9B698EBA51} = {F781F179-2F80-42C6-A113-A2133F314B7E}
	EndGlobalSection
EndGlobal
